
Microsoft Visual Studio Solution File, Format Version 12.00
# Visual Studio 15
VisualStudioVersion = 15.0.28010.2036
MinimumVisualStudioVersion = 10.0.40219.1
Project("{FAE04EC0-301F-11D3-BF4B-00C04F79EFBC}") = "TodoAPI", "TodoAPI\TodoAPI.csproj", "{B703AA43-55E0-4427-8ACB-E22C3395E9F9}"
EndProject
Global
	GlobalSection(SolutionConfigurationPlatforms) = preSolution
		Debug|Any CPU = Debug|Any CPU
		Release|Any CPU = Release|Any CPU
	EndGlobalSection
	GlobalSection(ProjectConfigurationPlatforms) = postSolution
		{B703AA43-55E0-4427-8ACB-E22C3395E9F9}.Debug|Any CPU.ActiveCfg = Debug|Any CPU
		{B703AA43-55E0-4427-8ACB-E22C3395E9F9}.Debug|Any CPU.Build.0 = Debug|Any CPU
		{B703AA43-55E0-4427-8ACB-E22C3395E9F9}.Release|Any CPU.ActiveCfg = Release|Any CPU
		{B703AA43-55E0-4427-8ACB-E22C3395E9F9}.Release|Any CPU.Build.0 = Release|Any CPU
	EndGlobalSection
	GlobalSection(SolutionProperties) = preSolution
		HideSolutionNode = FALSE
	EndGlobalSection
	GlobalSection(ExtensibilityGlobals) = postSolution
		SolutionGuid = {E8EB28DB-C3C4-4DFF-A4EA-3D0831D5DC91}
	EndGlobalSection
EndGlobal
